{
  "name": "portfolio",
  "lockfileVersion": 3,
  "requires": true,
  "packages": {
    "": {
      "dependencies": {
        "naiden-css-reset": "^1.0.2"
      }
    },
    "node_modules/naiden-css-reset": {
      "version": "1.0.2",
      "resolved": "https://registry.npmjs.org/naiden-css-reset/-/naiden-css-reset-1.0.2.tgz",
      "integrity": "sha512-UQrZz4WUKKf05GAIBEhJ5glMGkNmxDYXXLohGCt6s7/EtB3b/hkb9x89Y0mrTbAjst+XUh+x3gVZqzT4pucDFg=="
    }
  }
}
