{
  "name": "portfolio",
  "lockfileVersion": 3,
  "requires": true,
  "packages": {
    "": {
      "dependencies": {
        "naiden-css-reset": "^1.0.2"
      }
    },
    "node_modules/naiden-css-reset": {
      "version": "1.0.3",
      "resolved": "https://registry.npmjs.org/naiden-css-reset/-/naiden-css-reset-1.0.3.tgz",
      "integrity": "sha512-6w/+Ue/Ylcw+crGYPvtDC1lOxRNVWafdmF+Zt9yR99fOU0xZXtL6176zd2i+N8GFtL+J9qpfQzfE+HFw2XqW2g=="
    }
  }
}
